// !$*UTF8*$!
{
	archiveVersion = 1;
	classes = {
	};
	objectVersion = 50;
	objects = {

/* Begin PBXBuildFile section */
		CE397BA423633E3B0001A6E2 /* AppDelegate.swift in Sources */ = {isa = PBXBuildFile; fileRef = CE397BA323633E3B0001A6E2 /* AppDelegate.swift */; };
		CE397BA623633E3B0001A6E2 /* SceneDelegate.swift in Sources */ = {isa = PBXBuildFile; fileRef = CE397BA523633E3B0001A6E2 /* SceneDelegate.swift */; };
		CE397BA823633E3B0001A6E2 /* ViewController.swift in Sources */ = {isa = PBXBuildFile; fileRef = CE397BA723633E3B0001A6E2 /* ViewController.swift */; };
		CE397BAB23633E3B0001A6E2 /* Main.storyboard in Resources */ = {isa = PBXBuildFile; fileRef = CE397BA923633E3B0001A6E2 /* Main.storyboard */; };
		CE397BAD23633E3C0001A6E2 /* Assets.xcassets in Resources */ = {isa = PBXBuildFile; fileRef = CE397BAC23633E3C0001A6E2 /* Assets.xcassets */; };
		CE397BB023633E3C0001A6E2 /* LaunchScreen.storyboard in Resources */ = {isa = PBXBuildFile; fileRef = CE397BAE23633E3C0001A6E2 /* LaunchScreen.storyboard */; };
		CE397BBE23633F920001A6E2 /* Media.xcassets in Resources */ = {isa = PBXBuildFile; fileRef = CE397BBD23633F920001A6E2 /* Media.xcassets */; };
		CE397BC023633F920001A6E2 /* ActionViewController.swift in Sources */ = {isa = PBXBuildFile; fileRef = CE397BBF23633F920001A6E2 /* ActionViewController.swift */; };
		CE397BC323633F920001A6E2 /* MainInterface.storyboard in Resources */ = {isa = PBXBuildFile; fileRef = CE397BC123633F920001A6E2 /* MainInterface.storyboard */; };
		CE397BC723633F920001A6E2 /* Extension.appex in Embed App Extensions */ = {isa = PBXBuildFile; fileRef = CE397BBB23633F920001A6E2 /* Extension.appex */; settings = {ATTRIBUTES = (RemoveHeadersOnCopy, ); }; };
		CE397BCD236343A10001A6E2 /* Action.js in Resources */ = {isa = PBXBuildFile; fileRef = CE397BCC236343A10001A6E2 /* Action.js */; };
/* End PBXBuildFile section */

/* Begin PBXContainerItemProxy section */
		CE397BC523633F920001A6E2 /* PBXContainerItemProxy */ = {
			isa = PBXContainerItemProxy;
			containerPortal = CE397B9823633E3B0001A6E2 /* Project object */;
			proxyType = 1;
			remoteGlobalIDString = CE397BBA23633F920001A6E2;
			remoteInfo = Extension;
		};
/* End PBXContainerItemProxy section */

/* Begin PBXCopyFilesBuildPhase section */
		CE397BCB23633F920001A6E2 /* Embed App Extensions */ = {
			isa = PBXCopyFilesBuildPhase;
			buildActionMask = 2147483647;
			dstPath = "";
			dstSubfolderSpec = 13;
			files = (
				CE397BC723633F920001A6E2 /* Extension.appex in Embed App Extensions */,
			);
			name = "Embed App Extensions";
			runOnlyForDeploymentPostprocessing = 0;
		};
/* End PBXCopyFilesBuildPhase section */

/* Begin PBXFileReference section */
		CE397BA023633E3B0001A6E2 /* Project 19 - Javascript Injection.app */ = {isa = PBXFileReference; explicitFileType = wrapper.application; includeInIndex = 0; path = "Project 19 - Javascript Injection.app"; sourceTree = BUILT_PRODUCTS_DIR; };
		CE397BA323633E3B0001A6E2 /* AppDelegate.swift */ = {isa = PBXFileReference; lastKnownFileType = sourcecode.swift; path = AppDelegate.swift; sourceTree = "<group>"; };
		CE397BA523633E3B0001A6E2 /* SceneDelegate.swift */ = {isa = PBXFileReference; lastKnownFileType = sourcecode.swift; path = SceneDelegate.swift; sourceTree = "<group>"; };
		CE397BA723633E3B0001A6E2 /* ViewController.swift */ = {isa = PBXFileReference; lastKnownFileType = sourcecode.swift; path = ViewController.swift; sourceTree = "<group>"; };
		CE397BAA23633E3B0001A6E2 /* Base */ = {isa = PBXFileReference; lastKnownFileType = file.storyboard; name = Base; path = Base.lproj/Main.storyboard; sourceTree = "<group>"; };
		CE397BAC23633E3C0001A6E2 /* Assets.xcassets */ = {isa = PBXFileReference; lastKnownFileType = folder.assetcatalog; path = Assets.xcassets; sourceTree = "<group>"; };
		CE397BAF23633E3C0001A6E2 /* Base */ = {isa = PBXFileReference; lastKnownFileType = file.storyboard; name = Base; path = Base.lproj/LaunchScreen.storyboard; sourceTree = "<group>"; };
		CE397BB123633E3C0001A6E2 /* Info.plist */ = {isa = PBXFileReference; lastKnownFileType = text.plist.xml; path = Info.plist; sourceTree = "<group>"; };
		CE397BBB23633F920001A6E2 /* Extension.appex */ = {isa = PBXFileReference; explicitFileType = "wrapper.app-extension"; includeInIndex = 0; path = Extension.appex; sourceTree = BUILT_PRODUCTS_DIR; };
		CE397BBD23633F920001A6E2 /* Media.xcassets */ = {isa = PBXFileReference; lastKnownFileType = folder.assetcatalog; path = Media.xcassets; sourceTree = "<group>"; };
		CE397BBF23633F920001A6E2 /* ActionViewController.swift */ = {isa = PBXFileReference; lastKnownFileType = sourcecode.swift; path = ActionViewController.swift; sourceTree = "<group>"; };
		CE397BC223633F920001A6E2 /* Base */ = {isa = PBXFileReference; lastKnownFileType = file.storyboard; name = Base; path = Base.lproj/MainInterface.storyboard; sourceTree = "<group>"; };
		CE397BC423633F920001A6E2 /* Info.plist */ = {isa = PBXFileReference; lastKnownFileType = text.plist.xml; path = Info.plist; sourceTree = "<group>"; };
		CE397BCC236343A10001A6E2 /* Action.js */ = {isa = PBXFileReference; lastKnownFileType = sourcecode.javascript; path = Action.js; sourceTree = "<group>"; };
/* End PBXFileReference section */

/* Begin PBXFrameworksBuildPhase section */
		CE397B9D23633E3B0001A6E2 /* Frameworks */ = {
			isa = PBXFrameworksBuildPhase;
			buildActionMask = 2147483647;
			files = (
			);
			runOnlyForDeploymentPostprocessing = 0;
		};
		CE397BB823633F920001A6E2 /* Frameworks */ = {
			isa = PBXFrameworksBuildPhase;
			buildActionMask = 2147483647;
			files = (
			);
			runOnlyForDeploymentPostprocessing = 0;
		};
/* End PBXFrameworksBuildPhase section */

/* Begin PBXGroup section */
		CE397B9723633E3B0001A6E2 = {
			isa = PBXGroup;
			children = (
				CE397BA223633E3B0001A6E2 /* Project 19 - Javascript Injection */,
				CE397BBC23633F920001A6E2 /* Extension */,
				CE397BA123633E3B0001A6E2 /* Products */,
			);
			sourceTree = "<group>";
		};
		CE397BA123633E3B0001A6E2 /* Products */ = {
			isa = PBXGroup;
			children = (
				CE397BA023633E3B0001A6E2 /* Project 19 - Javascript Injection.app */,
				CE397BBB23633F920001A6E2 /* Extension.appex */,
			);
			name = Products;
			sourceTree = "<group>";
		};
		CE397BA223633E3B0001A6E2 /* Project 19 - Javascript Injection */ = {
			isa = PBXGroup;
			children = (
				CE397BA323633E3B0001A6E2 /* AppDelegate.swift */,
				CE397BA523633E3B0001A6E2 /* SceneDelegate.swift */,
				CE397BA723633E3B0001A6E2 /* ViewController.swift */,
				CE397BA923633E3B0001A6E2 /* Main.storyboard */,
				CE397BAC23633E3C0001A6E2 /* Assets.xcassets */,
				CE397BAE23633E3C0001A6E2 /* LaunchScreen.storyboard */,
				CE397BB123633E3C0001A6E2 /* Info.plist */,
			);
			path = "Project 19 - Javascript Injection";
			sourceTree = "<group>";
		};
		CE397BBC23633F920001A6E2 /* Extension */ = {
			isa = PBXGroup;
			children = (
				CE397BBD23633F920001A6E2 /* Media.xcassets */,
				CE397BBF23633F920001A6E2 /* ActionViewController.swift */,
				CE397BC123633F920001A6E2 /* MainInterface.storyboard */,
				CE397BC423633F920001A6E2 /* Info.plist */,
				CE397BCC236343A10001A6E2 /* Action.js */,
			);
			path = Extension;
			sourceTree = "<group>";
		};
/* End PBXGroup section */

/* Begin PBXNativeTarget section */
		CE397B9F23633E3B0001A6E2 /* Project 19 - Javascript Injection */ = {
			isa = PBXNativeTarget;
			buildConfigurationList = CE397BB423633E3C0001A6E2 /* Build configuration list for PBXNativeTarget "Project 19 - Javascript Injection" */;
			buildPhases = (
				CE397B9C23633E3B0001A6E2 /* Sources */,
				CE397B9D23633E3B0001A6E2 /* Frameworks */,
				CE397B9E23633E3B0001A6E2 /* Resources */,
				CE397BCB23633F920001A6E2 /* Embed App Extensions */,
			);
			buildRules = (
			);
			dependencies = (
				CE397BC623633F920001A6E2 /* PBXTargetDependency */,
			);
			name = "Project 19 - Javascript Injection";
			productName = "Project 19 - Javascript Injection";
			productReference = CE397BA023633E3B0001A6E2 /* Project 19 - Javascript Injection.app */;
			productType = "com.apple.product-type.application";
		};
		CE397BBA23633F920001A6E2 /* Extension */ = {
			isa = PBXNativeTarget;
			buildConfigurationList = CE397BC823633F920001A6E2 /* Build configuration list for PBXNativeTarget "Extension" */;
			buildPhases = (
				CE397BB723633F920001A6E2 /* Sources */,
				CE397BB823633F920001A6E2 /* Frameworks */,
				CE397BB923633F920001A6E2 /* Resources */,
			);
			buildRules = (
			);
			dependencies = (
			);
			name = Extension;
			productName = Extension;
			productReference = CE397BBB23633F920001A6E2 /* Extension.appex */;
			productType = "com.apple.product-type.app-extension";
		};
/* End PBXNativeTarget section */

/* Begin PBXProject section */
		CE397B9823633E3B0001A6E2 /* Project object */ = {
			isa = PBXProject;
			attributes = {
				LastSwiftUpdateCheck = 1100;
				LastUpgradeCheck = 1100;
				ORGANIZATIONNAME = "Sean Williams";
				TargetAttributes = {
					CE397B9F23633E3B0001A6E2 = {
						CreatedOnToolsVersion = 11.0;
					};
					CE397BBA23633F920001A6E2 = {
						CreatedOnToolsVersion = 11.0;
					};
				};
			};
			buildConfigurationList = CE397B9B23633E3B0001A6E2 /* Build configuration list for PBXProject "Project 19 - Javascript Injection" */;
			compatibilityVersion = "Xcode 9.3";
			developmentRegion = en;
			hasScannedForEncodings = 0;
			knownRegions = (
				en,
				Base,
			);
			mainGroup = CE397B9723633E3B0001A6E2;
			productRefGroup = CE397BA123633E3B0001A6E2 /* Products */;
			projectDirPath = "";
			projectRoot = "";
			targets = (
				CE397B9F23633E3B0001A6E2 /* Project 19 - Javascript Injection */,
				CE397BBA23633F920001A6E2 /* Extension */,
			);
		};
/* End PBXProject section */

/* Begin PBXResourcesBuildPhase section */
		CE397B9E23633E3B0001A6E2 /* Resources */ = {
			isa = PBXResourcesBuildPhase;
			buildActionMask = 2147483647;
			files = (
				CE397BB023633E3C0001A6E2 /* LaunchScreen.storyboard in Resources */,
				CE397BAD23633E3C0001A6E2 /* Assets.xcassets in Resources */,
				CE397BAB23633E3B0001A6E2 /* Main.storyboard in Resources */,
			);
			runOnlyForDeploymentPostprocessing = 0;
		};
		CE397BB923633F920001A6E2 /* Resources */ = {
			isa = PBXResourcesBuildPhase;
			buildActionMask = 2147483647;
			files = (
				CE397BCD236343A10001A6E2 /* Action.js in Resources */,
				CE397BBE23633F920001A6E2 /* Media.xcassets in Resources */,
				CE397BC323633F920001A6E2 /* MainInterface.storyboard in Resources */,
			);
			runOnlyForDeploymentPostprocessing = 0;
		};
/* End PBXResourcesBuildPhase section */

/* Begin PBXSourcesBuildPhase section */
		CE397B9C23633E3B0001A6E2 /* Sources */ = {
			isa = PBXSourcesBuildPhase;
			buildActionMask = 2147483647;
			files = (
				CE397BA823633E3B0001A6E2 /* ViewController.swift in Sources */,
				CE397BA423633E3B0001A6E2 /* AppDelegate.swift in Sources */,
				CE397BA623633E3B0001A6E2 /* SceneDelegate.swift in Sources */,
			);
			runOnlyForDeploymentPostprocessing = 0;
		};
		CE397BB723633F920001A6E2 /* Sources */ = {
			isa = PBXSourcesBuildPhase;
			buildActionMask = 2147483647;
			files = (
				CE397BC023633F920001A6E2 /* ActionViewController.swift in Sources */,
			);
			runOnlyForDeploymentPostprocessing = 0;
		};
/* End PBXSourcesBuildPhase section */

/* Begin PBXTargetDependency section */
		CE397BC623633F920001A6E2 /* PBXTargetDependency */ = {
			isa = PBXTargetDependency;
			target = CE397BBA23633F920001A6E2 /* Extension */;
			targetProxy = CE397BC523633F920001A6E2 /* PBXContainerItemProxy */;
		};
/* End PBXTargetDependency section */

/* Begin PBXVariantGroup section */
		CE397BA923633E3B0001A6E2 /* Main.storyboard */ = {
			isa = PBXVariantGroup;
			children = (
				CE397BAA23633E3B0001A6E2 /* Base */,
			);
			name = Main.storyboard;
			sourceTree = "<group>";
		};
		CE397BAE23633E3C0001A6E2 /* LaunchScreen.storyboard */ = {
			isa = PBXVariantGroup;
			children = (
				CE397BAF23633E3C0001A6E2 /* Base */,
			);
			name = LaunchScreen.storyboard;
			sourceTree = "<group>";
		};
		CE397BC123633F920001A6E2 /* MainInterface.storyboard */ = {
			isa = PBXVariantGroup;
			children = (
				CE397BC223633F920001A6E2 /* Base */,
			);
			name = MainInterface.storyboard;
			sourceTree = "<group>";
		};
/* End PBXVariantGroup section */

/* Begin XCBuildConfiguration section */
		CE397BB223633E3C0001A6E2 /* Debug */ = {
			isa = XCBuildConfiguration;
			buildSettings = {
				ALWAYS_SEARCH_USER_PATHS = NO;
				CLANG_ANALYZER_NONNULL = YES;
				CLANG_ANALYZER_NUMBER_OBJECT_CONVERSION = YES_AGGRESSIVE;
				CLANG_CXX_LANGUAGE_STANDARD = "gnu++14";
				CLANG_CXX_LIBRARY = "libc++";
				CLANG_ENABLE_MODULES = YES;
				CLANG_ENABLE_OBJC_ARC = YES;
				CLANG_ENABLE_OBJC_WEAK = YES;
				CLANG_WARN_BLOCK_CAPTURE_AUTORELEASING = YES;
				CLANG_WARN_BOOL_CONVERSION = YES;
				CLANG_WARN_COMMA = YES;
				CLANG_WARN_CONSTANT_CONVERSION = YES;
				CLANG_WARN_DEPRECATED_OBJC_IMPLEMENTATIONS = YES;
				CLANG_WARN_DIRECT_OBJC_ISA_USAGE = YES_ERROR;
				CLANG_WARN_DOCUMENTATION_COMMENTS = YES;
				CLANG_WARN_EMPTY_BODY = YES;
				CLANG_WARN_ENUM_CONVERSION = YES;
				CLANG_WARN_INFINITE_RECURSION = YES;
				CLANG_WARN_INT_CONVERSION = YES;
				CLANG_WARN_NON_LITERAL_NULL_CONVERSION = YES;
				CLANG_WARN_OBJC_IMPLICIT_RETAIN_SELF = YES;
				CLANG_WARN_OBJC_LITERAL_CONVERSION = YES;
				CLANG_WARN_OBJC_ROOT_CLASS = YES_ERROR;
				CLANG_WARN_RANGE_LOOP_ANALYSIS = YES;
				CLANG_WARN_STRICT_PROTOTYPES = YES;
				CLANG_WARN_SUSPICIOUS_MOVE = YES;
				CLANG_WARN_UNGUARDED_AVAILABILITY = YES_AGGRESSIVE;
				CLANG_WARN_UNREACHABLE_CODE = YES;
				CLANG_WARN__DUPLICATE_METHOD_MATCH = YES;
				COPY_PHASE_STRIP = NO;
				DEBUG_INFORMATION_FORMAT = dwarf;
				ENABLE_STRICT_OBJC_MSGSEND = YES;
				ENABLE_TESTABILITY = YES;
				GCC_C_LANGUAGE_STANDARD = gnu11;
				GCC_DYNAMIC_NO_PIC = NO;
				GCC_NO_COMMON_BLOCKS = YES;
				GCC_OPTIMIZATION_LEVEL = 0;
				GCC_PREPROCESSOR_DEFINITIONS = (
					"DEBUG=1",
					"$(inherited)",
				);
				GCC_WARN_64_TO_32_BIT_CONVERSION = YES;
				GCC_WARN_ABOUT_RETURN_TYPE = YES_ERROR;
				GCC_WARN_UNDECLARED_SELECTOR = YES;
				GCC_WARN_UNINITIALIZED_AUTOS = YES_AGGRESSIVE;
				GCC_WARN_UNUSED_FUNCTION = YES;
				GCC_WARN_UNUSED_VARIABLE = YES;
				IPHONEOS_DEPLOYMENT_TARGET = 13.0;
				MTL_ENABLE_DEBUG_INFO = INCLUDE_SOURCE;
				MTL_FAST_MATH = YES;
				ONLY_ACTIVE_ARCH = YES;
				SDKROOT = iphoneos;
				SWIFT_ACTIVE_COMPILATION_CONDITIONS = DEBUG;
				SWIFT_OPTIMIZATION_LEVEL = "-Onone";
			};
			name = Debug;
		};
		CE397BB323633E3C0001A6E2 /* Release */ = {
			isa = XCBuildConfiguration;
			buildSettings = {
				ALWAYS_SEARCH_USER_PATHS = NO;
				CLANG_ANALYZER_NONNULL = YES;
				CLANG_ANALYZER_NUMBER_OBJECT_CONVERSION = YES_AGGRESSIVE;
				CLANG_CXX_LANGUAGE_STANDARD = "gnu++14";
				CLANG_CXX_LIBRARY = "libc++";
				CLANG_ENABLE_MODULES = YES;
				CLANG_ENABLE_OBJC_ARC = YES;
				CLANG_ENABLE_OBJC_WEAK = YES;
				CLANG_WARN_BLOCK_CAPTURE_AUTORELEASING = YES;
				CLANG_WARN_BOOL_CONVERSION = YES;
				CLANG_WARN_COMMA = YES;
				CLANG_WARN_CONSTANT_CONVERSION = YES;
				CLANG_WARN_DEPRECATED_OBJC_IMPLEMENTATIONS = YES;
				CLANG_WARN_DIRECT_OBJC_ISA_USAGE = YES_ERROR;
				CLANG_WARN_DOCUMENTATION_COMMENTS = YES;
				CLANG_WARN_EMPTY_BODY = YES;
				CLANG_WARN_ENUM_CONVERSION = YES;
				CLANG_WARN_INFINITE_RECURSION = YES;
				CLANG_WARN_INT_CONVERSION = YES;
				CLANG_WARN_NON_LITERAL_NULL_CONVERSION = YES;
				CLANG_WARN_OBJC_IMPLICIT_RETAIN_SELF = YES;
				CLANG_WARN_OBJC_LITERAL_CONVERSION = YES;
				CLANG_WARN_OBJC_ROOT_CLASS = YES_ERROR;
				CLANG_WARN_RANGE_LOOP_ANALYSIS = YES;
				CLANG_WARN_STRICT_PROTOTYPES = YES;
				CLANG_WARN_SUSPICIOUS_MOVE = YES;
				CLANG_WARN_UNGUARDED_AVAILABILITY = YES_AGGRESSIVE;
				CLANG_WARN_UNREACHABLE_CODE = YES;
				CLANG_WARN__DUPLICATE_METHOD_MATCH = YES;
				COPY_PHASE_STRIP = NO;
				DEBUG_INFORMATION_FORMAT = "dwarf-with-dsym";
				ENABLE_NS_ASSERTIONS = NO;
				ENABLE_STRICT_OBJC_MSGSEND = YES;
				GCC_C_LANGUAGE_STANDARD = gnu11;
				GCC_NO_COMMON_BLOCKS = YES;
				GCC_WARN_64_TO_32_BIT_CONVERSION = YES;
				GCC_WARN_ABOUT_RETURN_TYPE = YES_ERROR;
				GCC_WARN_UNDECLARED_SELECTOR = YES;
				GCC_WARN_UNINITIALIZED_AUTOS = YES_AGGRESSIVE;
				GCC_WARN_UNUSED_FUNCTION = YES;
				GCC_WARN_UNUSED_VARIABLE = YES;
				IPHONEOS_DEPLOYMENT_TARGET = 13.0;
				MTL_ENABLE_DEBUG_INFO = NO;
				MTL_FAST_MATH = YES;
				SDKROOT = iphoneos;
				SWIFT_COMPILATION_MODE = wholemodule;
				SWIFT_OPTIMIZATION_LEVEL = "-O";
				VALIDATE_PRODUCT = YES;
			};
			name = Release;
		};
		CE397BB523633E3C0001A6E2 /* Debug */ = {
			isa = XCBuildConfiguration;
			buildSettings = {
				ALWAYS_EMBED_SWIFT_STANDARD_LIBRARIES = YES;
				ASSETCATALOG_COMPILER_APPICON_NAME = AppIcon;
				CODE_SIGN_STYLE = Automatic;
				DEVELOPMENT_TEAM = DN4729AK8V;
				INFOPLIST_FILE = "Project 19 - Javascript Injection/Info.plist";
				LD_RUNPATH_SEARCH_PATHS = (
					"$(inherited)",
					"@executable_path/Frameworks",
				);
				PRODUCT_BUNDLE_IDENTIFIER = "com.seanwilliams.Project-19---Javascript-Injection";
				PRODUCT_NAME = "$(TARGET_NAME)";
				SWIFT_VERSION = 5.0;
				TARGETED_DEVICE_FAMILY = "1,2";
			};
			name = Debug;
		};
		CE397BB623633E3C0001A6E2 /* Release */ = {
			isa = XCBuildConfiguration;
			buildSettings = {
				ALWAYS_EMBED_SWIFT_STANDARD_LIBRARIES = YES;
				ASSETCATALOG_COMPILER_APPICON_NAME = AppIcon;
				CODE_SIGN_STYLE = Automatic;
				DEVELOPMENT_TEAM = DN4729AK8V;
				INFOPLIST_FILE = "Project 19 - Javascript Injection/Info.plist";
				LD_RUNPATH_SEARCH_PATHS = (
					"$(inherited)",
					"@executable_path/Frameworks",
				);
				PRODUCT_BUNDLE_IDENTIFIER = "com.seanwilliams.Project-19---Javascript-Injection";
				PRODUCT_NAME = "$(TARGET_NAME)";
				SWIFT_VERSION = 5.0;
				TARGETED_DEVICE_FAMILY = "1,2";
			};
			name = Release;
		};
		CE397BC923633F920001A6E2 /* Debug */ = {
			isa = XCBuildConfiguration;
			buildSettings = {
				CODE_SIGN_STYLE = Automatic;
				DEVELOPMENT_TEAM = DN4729AK8V;
				INFOPLIST_FILE = Extension/Info.plist;
				LD_RUNPATH_SEARCH_PATHS = (
					"$(inherited)",
					"@executable_path/Frameworks",
					"@executable_path/../../Frameworks",
				);
				PRODUCT_BUNDLE_IDENTIFIER = "com.seanwilliams.Project-19---Javascript-Injection.Extension";
				PRODUCT_NAME = "$(TARGET_NAME)";
				SKIP_INSTALL = YES;
				SWIFT_VERSION = 5.0;
				TARGETED_DEVICE_FAMILY = "1,2";
			};
			name = Debug;
		};
		CE397BCA23633F920001A6E2 /* Release */ = {
			isa = XCBuildConfiguration;
			buildSettings = {
				CODE_SIGN_STYLE = Automatic;
				DEVELOPMENT_TEAM = DN4729AK8V;
				INFOPLIST_FILE = Extension/Info.plist;
				LD_RUNPATH_SEARCH_PATHS = (
					"$(inherited)",
					"@executable_path/Frameworks",
					"@executable_path/../../Frameworks",
				);
				PRODUCT_BUNDLE_IDENTIFIER = "com.seanwilliams.Project-19---Javascript-Injection.Extension";
				PRODUCT_NAME = "$(TARGET_NAME)";
				SKIP_INSTALL = YES;
				SWIFT_VERSION = 5.0;
				TARGETED_DEVICE_FAMILY = "1,2";
			};
			name = Release;
		};
/* End XCBuildConfiguration section */

/* Begin XCConfigurationList section */
		CE397B9B23633E3B0001A6E2 /* Build configuration list for PBXProject "Project 19 - Javascript Injection" */ = {
			isa = XCConfigurationList;
			buildConfigurations = (
				CE397BB223633E3C0001A6E2 /* Debug */,
				CE397BB323633E3C0001A6E2 /* Release */,
			);
			defaultConfigurationIsVisible = 0;
			defaultConfigurationName = Release;
		};
		CE397BB423633E3C0001A6E2 /* Build configuration list for PBXNativeTarget "Project 19 - Javascript Injection" */ = {
			isa = XCConfigurationList;
			buildConfigurations = (
				CE397BB523633E3C0001A6E2 /* Debug */,
				CE397BB623633E3C0001A6E2 /* Release */,
			);
			defaultConfigurationIsVisible = 0;
			defaultConfigurationName = Release;
		};
		CE397BC823633F920001A6E2 /* Build configuration list for PBXNativeTarget "Extension" */ = {
			isa = XCConfigurationList;
			buildConfigurations = (
				CE397BC923633F920001A6E2 /* Debug */,
				CE397BCA23633F920001A6E2 /* Release */,
			);
			defaultConfigurationIsVisible = 0;
			defaultConfigurationName = Release;
		};
/* End XCConfigurationList section */
	};
	rootObject = CE397B9823633E3B0001A6E2 /* Project object */;
}
